
Microsoft Visual Studio Solution File, Format Version 12.00
# Visual Studio 15
VisualStudioVersion = 15.0.28307.705
MinimumVisualStudioVersion = 10.0.40219.1
Project("{FAE04EC0-301F-11D3-BF4B-00C04F79EFBC}") = "MVC(VISTA)", "MVC(VISTA)\MVC(VISTA).csproj", "{F503CDBC-B228-45A3-A0D9-F23DB3B22835}"
EndProject
Project("{FAE04EC0-301F-11D3-BF4B-00C04F79EFBC}") = "Modelo", "Modelo\Modelo.csproj", "{E190F00B-E650-4D5B-8809-5CBC5EAE77A7}"
EndProject
Project("{FAE04EC0-301F-11D3-BF4B-00C04F79EFBC}") = "Controlador", "Controlador\Controlador.csproj", "{7F1E95C2-5C42-4B61-953A-40A87FBBA5E0}"
EndProject
Global
	GlobalSection(SolutionConfigurationPlatforms) = preSolution
		Debug|Any CPU = Debug|Any CPU
		Release|Any CPU = Release|Any CPU
	EndGlobalSection
	GlobalSection(ProjectConfigurationPlatforms) = postSolution
		{F503CDBC-B228-45A3-A0D9-F23DB3B22835}.Debug|Any CPU.ActiveCfg = Debug|Any CPU
		{F503CDBC-B228-45A3-A0D9-F23DB3B22835}.Debug|Any CPU.Build.0 = Debug|Any CPU
		{F503CDBC-B228-45A3-A0D9-F23DB3B22835}.Release|Any CPU.ActiveCfg = Release|Any CPU
		{F503CDBC-B228-45A3-A0D9-F23DB3B22835}.Release|Any CPU.Build.0 = Release|Any CPU
		{E190F00B-E650-4D5B-8809-5CBC5EAE77A7}.Debug|Any CPU.ActiveCfg = Debug|Any CPU
		{E190F00B-E650-4D5B-8809-5CBC5EAE77A7}.Debug|Any CPU.Build.0 = Debug|Any CPU
		{E190F00B-E650-4D5B-8809-5CBC5EAE77A7}.Release|Any CPU.ActiveCfg = Release|Any CPU
		{E190F00B-E650-4D5B-8809-5CBC5EAE77A7}.Release|Any CPU.Build.0 = Release|Any CPU
		{7F1E95C2-5C42-4B61-953A-40A87FBBA5E0}.Debug|Any CPU.ActiveCfg = Debug|Any CPU
		{7F1E95C2-5C42-4B61-953A-40A87FBBA5E0}.Debug|Any CPU.Build.0 = Debug|Any CPU
		{7F1E95C2-5C42-4B61-953A-40A87FBBA5E0}.Release|Any CPU.ActiveCfg = Release|Any CPU
		{7F1E95C2-5C42-4B61-953A-40A87FBBA5E0}.Release|Any CPU.Build.0 = Release|Any CPU
	EndGlobalSection
	GlobalSection(SolutionProperties) = preSolution
		HideSolutionNode = FALSE
	EndGlobalSection
	GlobalSection(ExtensibilityGlobals) = postSolution
		SolutionGuid = {1084AFAE-95BB-447C-82EA-14DE47E23453}
	EndGlobalSection
EndGlobal
